
Microsoft Visual Studio Solution File, Format Version 12.00
# Visual Studio Version 16
VisualStudioVersion = 16.0.30907.101
MinimumVisualStudioVersion = 10.0.40219.1
Project("{9A19103F-16F7-4668-BE54-9A1E7A4F7556}") = "practice_falconsoft", "practice_falconsoft\practice_falconsoft.csproj", "{3DB0C9C5-24F0-4360-A703-901076BE51F5}"
EndProject
Global
	GlobalSection(SolutionConfigurationPlatforms) = preSolution
		Debug|Any CPU = Debug|Any CPU
		Release|Any CPU = Release|Any CPU
	EndGlobalSection
	GlobalSection(ProjectConfigurationPlatforms) = postSolution
		{3DB0C9C5-24F0-4360-A703-901076BE51F5}.Debug|Any CPU.ActiveCfg = Debug|Any CPU
		{3DB0C9C5-24F0-4360-A703-901076BE51F5}.Debug|Any CPU.Build.0 = Debug|Any CPU
		{3DB0C9C5-24F0-4360-A703-901076BE51F5}.Release|Any CPU.ActiveCfg = Release|Any CPU
		{3DB0C9C5-24F0-4360-A703-901076BE51F5}.Release|Any CPU.Build.0 = Release|Any CPU
	EndGlobalSection
	GlobalSection(SolutionProperties) = preSolution
		HideSolutionNode = FALSE
	EndGlobalSection
	GlobalSection(ExtensibilityGlobals) = postSolution
		SolutionGuid = {E516F7F9-97D2-4A4A-A9AB-54141613E2E1}
	EndGlobalSection
EndGlobal
